
Microsoft Visual Studio Solution File, Format Version 12.00
# Visual Studio Version 17
VisualStudioVersion = 17.3.32819.101
MinimumVisualStudioVersion = 10.0.40219.1
Project("{888888A0-9F3D-457C-B088-3A5042F75D52}") = "IF - funktsioon", "IF - funktsioon.pyproj", "{ED317900-CE2C-47FA-8128-B526F73EEEEE}"
EndProject
Global
	GlobalSection(SolutionConfigurationPlatforms) = preSolution
		Debug|Any CPU = Debug|Any CPU
		Release|Any CPU = Release|Any CPU
	EndGlobalSection
	GlobalSection(ProjectConfigurationPlatforms) = postSolution
		{ED317900-CE2C-47FA-8128-B526F73EEEEE}.Debug|Any CPU.ActiveCfg = Debug|Any CPU
		{ED317900-CE2C-47FA-8128-B526F73EEEEE}.Release|Any CPU.ActiveCfg = Release|Any CPU
	EndGlobalSection
	GlobalSection(SolutionProperties) = preSolution
		HideSolutionNode = FALSE
	EndGlobalSection
	GlobalSection(ExtensibilityGlobals) = postSolution
		SolutionGuid = {C659F6BC-F1CF-4423-9EB5-9327BACD1949}
	EndGlobalSection
EndGlobal
